// !$*UTF8*$!
{
	archiveVersion = 1;
	classes = {
	};
	objectVersion = 46;
	objects = {

/* Begin PBXBuildFile section */
		369ABEFB19C69BB1009F564F /* Foundation.framework in Frameworks */ = {isa = PBXBuildFile; fileRef = 369ABEFA19C69BB1009F564F /* Foundation.framework */; };
		369ABEFD19C69BB1009F564F /* CoreGraphics.framework in Frameworks */ = {isa = PBXBuildFile; fileRef = 369ABEFC19C69BB1009F564F /* CoreGraphics.framework */; };
		369ABEFF19C69BB1009F564F /* UIKit.framework in Frameworks */ = {isa = PBXBuildFile; fileRef = 369ABEFE19C69BB1009F564F /* UIKit.framework */; };
		369ABF0519C69BB1009F564F /* InfoPlist.strings in Resources */ = {isa = PBXBuildFile; fileRef = 369ABF0319C69BB1009F564F /* InfoPlist.strings */; };
		369ABF0719C69BB1009F564F /* main.m in Sources */ = {isa = PBXBuildFile; fileRef = 369ABF0619C69BB1009F564F /* main.m */; };
		369ABF0B19C69BB1009F564F /* PFAppDelegate.m in Sources */ = {isa = PBXBuildFile; fileRef = 369ABF0A19C69BB1009F564F /* PFAppDelegate.m */; };
		369ABF0D19C69BB2009F564F /* Images.xcassets in Resources */ = {isa = PBXBuildFile; fileRef = 369ABF0C19C69BB2009F564F /* Images.xcassets */; };
		369ABF1419C69BB2009F564F /* XCTest.framework in Frameworks */ = {isa = PBXBuildFile; fileRef = 369ABF1319C69BB2009F564F /* XCTest.framework */; };
		369ABF1519C69BB2009F564F /* Foundation.framework in Frameworks */ = {isa = PBXBuildFile; fileRef = 369ABEFA19C69BB1009F564F /* Foundation.framework */; };
		369ABF1619C69BB2009F564F /* UIKit.framework in Frameworks */ = {isa = PBXBuildFile; fileRef = 369ABEFE19C69BB1009F564F /* UIKit.framework */; };
		369ABF1E19C69BB2009F564F /* InfoPlist.strings in Resources */ = {isa = PBXBuildFile; fileRef = 369ABF1C19C69BB2009F564F /* InfoPlist.strings */; };
		369ABF2019C69BB2009F564F /* Real_Fish_Prawn_CrabTests.m in Sources */ = {isa = PBXBuildFile; fileRef = 369ABF1F19C69BB2009F564F /* Real_Fish_Prawn_CrabTests.m */; };
		520B966419D14F030049DB07 /* playerData1.png in Resources */ = {isa = PBXBuildFile; fileRef = 520B965D19D14F030049DB07 /* playerData1.png */; };
		520B966519D14F030049DB07 /* playerData2.png in Resources */ = {isa = PBXBuildFile; fileRef = 520B965E19D14F030049DB07 /* playerData2.png */; };
		520B966619D14F030049DB07 /* playerData3.png in Resources */ = {isa = PBXBuildFile; fileRef = 520B965F19D14F030049DB07 /* playerData3.png */; };
		520B966719D14F030049DB07 /* playerData4.png in Resources */ = {isa = PBXBuildFile; fileRef = 520B966019D14F030049DB07 /* playerData4.png */; };
		520B966819D14F030049DB07 /* playerDataAll.png in Resources */ = {isa = PBXBuildFile; fileRef = 520B966119D14F030049DB07 /* playerDataAll.png */; };
		520B966919D14F030049DB07 /* Setting_icon@2x.png in Resources */ = {isa = PBXBuildFile; fileRef = 520B966219D14F030049DB07 /* Setting_icon@2x.png */; };
		520B966A19D14F030049DB07 /* Share_icon@2x.png in Resources */ = {isa = PBXBuildFile; fileRef = 520B966319D14F030049DB07 /* Share_icon@2x.png */; };
		520B980B19D182D10049DB07 /* Zoomin.mov in Resources */ = {isa = PBXBuildFile; fileRef = 520B980A19D182D10049DB07 /* Zoomin.mov */; };
		5211A2E719D18F07009CD3A5 /* Zoomout.mov in Resources */ = {isa = PBXBuildFile; fileRef = 5211A2E619D18F07009CD3A5 /* Zoomout.mov */; };
		5211A2E919D1BE9F009CD3A5 /* setting_unmute@2x.png in Resources */ = {isa = PBXBuildFile; fileRef = 5211A2E819D1BE9F009CD3A5 /* setting_unmute@2x.png */; };
		5211A2EB19D1BED2009CD3A5 /* setting_mute@2x.png in Resources */ = {isa = PBXBuildFile; fileRef = 5211A2EA19D1BED2009CD3A5 /* setting_mute@2x.png */; };
		5218130819C9263B005A7D71 /* bg_board.png in Resources */ = {isa = PBXBuildFile; fileRef = 5218130719C9263B005A7D71 /* bg_board.png */; };
		521B08B719D0B19800E279AF /* circle_01.png in Resources */ = {isa = PBXBuildFile; fileRef = 521B08B219D0B19800E279AF /* circle_01.png */; };
		521B08B819D0B19800E279AF /* circle_02.png in Resources */ = {isa = PBXBuildFile; fileRef = 521B08B319D0B19800E279AF /* circle_02.png */; };
		521B08B919D0B19800E279AF /* circle_03.png in Resources */ = {isa = PBXBuildFile; fileRef = 521B08B419D0B19800E279AF /* circle_03.png */; };
		521B08BA19D0B19800E279AF /* circle_04.png in Resources */ = {isa = PBXBuildFile; fileRef = 521B08B519D0B19800E279AF /* circle_04.png */; };
		521B08BB19D0B19800E279AF /* circle_05.png in Resources */ = {isa = PBXBuildFile; fileRef = 521B08B619D0B19800E279AF /* circle_05.png */; };
		5220029419C8797000B44480 /* PFMainViewController.m in Sources */ = {isa = PBXBuildFile; fileRef = 5220029219C8797000B44480 /* PFMainViewController.m */; };
		5220029519C8797000B44480 /* PFMainViewController_Wide.xib in Resources */ = {isa = PBXBuildFile; fileRef = 5220029319C8797000B44480 /* PFMainViewController_Wide.xib */; };
		522002C919C89F0300B44480 /* blue_coin_01.png in Resources */ = {isa = PBXBuildFile; fileRef = 522002A519C89F0200B44480 /* blue_coin_01.png */; };
		522002CA19C89F0300B44480 /* blue_coin_05.png in Resources */ = {isa = PBXBuildFile; fileRef = 522002A619C89F0200B44480 /* blue_coin_05.png */; };
		522002CB19C89F0300B44480 /* blue_coin_10.png in Resources */ = {isa = PBXBuildFile; fileRef = 522002A719C89F0200B44480 /* blue_coin_10.png */; };
		522002CC19C89F0300B44480 /* blue_coin_50.png in Resources */ = {isa = PBXBuildFile; fileRef = 522002A819C89F0200B44480 /* blue_coin_50.png */; };
		522002CD19C89F0300B44480 /* select_blue_coin_01.png in Resources */ = {isa = PBXBuildFile; fileRef = 522002A919C89F0200B44480 /* select_blue_coin_01.png */; };
		522002CE19C89F0300B44480 /* select_blue_coin_05.png in Resources */ = {isa = PBXBuildFile; fileRef = 522002AA19C89F0200B44480 /* select_blue_coin_05.png */; };
		522002CF19C89F0300B44480 /* select_blue_coin_10.png in Resources */ = {isa = PBXBuildFile; fileRef = 522002AB19C89F0200B44480 /* select_blue_coin_10.png */; };
		522002D019C89F0300B44480 /* select_blue_coin_50.png in Resources */ = {isa = PBXBuildFile; fileRef = 522002AC19C89F0200B44480 /* select_blue_coin_50.png */; };
		522002D119C89F0300B44480 /* bt_cancel.png in Resources */ = {isa = PBXBuildFile; fileRef = 522002AD19C89F0200B44480 /* bt_cancel.png */; };
		522002D219C89F0300B44480 /* green_coin_01.png in Resources */ = {isa = PBXBuildFile; fileRef = 522002AF19C89F0200B44480 /* green_coin_01.png */; };
		522002D319C89F0300B44480 /* green_coin_05.png in Resources */ = {isa = PBXBuildFile; fileRef = 522002B019C89F0200B44480 /* green_coin_05.png */; };
		522002D419C89F0300B44480 /* green_coin_10.png in Resources */ = {isa = PBXBuildFile; fileRef = 522002B119C89F0200B44480 /* green_coin_10.png */; };
		522002D519C89F0300B44480 /* green_coin_50.png in Resources */ = {isa = PBXBuildFile; fileRef = 522002B219C89F0200B44480 /* green_coin_50.png */; };
		522002D619C89F0300B44480 /* select_green_coin_01.png in Resources */ = {isa = PBXBuildFile; fileRef = 522002B319C89F0200B44480 /* select_green_coin_01.png */; };
		522002D719C89F0300B44480 /* select_green_coin_05.png in Resources */ = {isa = PBXBuildFile; fileRef = 522002B419C89F0200B44480 /* select_green_coin_05.png */; };
		522002D819C89F0300B44480 /* select_green_coin_10.png in Resources */ = {isa = PBXBuildFile; fileRef = 522002B519C89F0200B44480 /* select_green_coin_10.png */; };
		522002D919C89F0300B44480 /* select_green_coin_50.png in Resources */ = {isa = PBXBuildFile; fileRef = 522002B619C89F0200B44480 /* select_green_coin_50.png */; };
		522002DA19C89F0300B44480 /* red_coin_01.png in Resources */ = {isa = PBXBuildFile; fileRef = 522002B819C89F0200B44480 /* red_coin_01.png */; };
		522002DB19C89F0300B44480 /* red_coin_05.png in Resources */ = {isa = PBXBuildFile; fileRef = 522002B919C89F0200B44480 /* red_coin_05.png */; };
		522002DC19C89F0300B44480 /* red_coin_10.png in Resources */ = {isa = PBXBuildFile; fileRef = 522002BA19C89F0200B44480 /* red_coin_10.png */; };
		522002DD19C89F0300B44480 /* red_coin_50.png in Resources */ = {isa = PBXBuildFile; fileRef = 522002BB19C89F0200B44480 /* red_coin_50.png */; };
		522002DE19C89F0300B44480 /* select_red_coin_01.png in Resources */ = {isa = PBXBuildFile; fileRef = 522002BC19C89F0200B44480 /* select_red_coin_01.png */; };
		522002DF19C89F0300B44480 /* select_red_coin_05.png in Resources */ = {isa = PBXBuildFile; fileRef = 522002BD19C89F0200B44480 /* select_red_coin_05.png */; };
		522002E019C89F0300B44480 /* select_red_coin_10.png in Resources */ = {isa = PBXBuildFile; fileRef = 522002BE19C89F0300B44480 /* select_red_coin_10.png */; };
		522002E119C89F0300B44480 /* select_red_coin_50.png in Resources */ = {isa = PBXBuildFile; fileRef = 522002BF19C89F0300B44480 /* select_red_coin_50.png */; };
		522002E219C89F0300B44480 /* select_yellow_coin_01.png in Resources */ = {isa = PBXBuildFile; fileRef = 522002C119C89F0300B44480 /* select_yellow_coin_01.png */; };
		522002E319C89F0300B44480 /* select_yellow_coin_05.png in Resources */ = {isa = PBXBuildFile; fileRef = 522002C219C89F0300B44480 /* select_yellow_coin_05.png */; };
		522002E419C89F0300B44480 /* select_yellow_coin_10.png in Resources */ = {isa = PBXBuildFile; fileRef = 522002C319C89F0300B44480 /* select_yellow_coin_10.png */; };
		522002E519C89F0300B44480 /* select_yellow_coin_50.png in Resources */ = {isa = PBXBuildFile; fileRef = 522002C419C89F0300B44480 /* select_yellow_coin_50.png */; };
		522002E619C89F0300B44480 /* yellow_coin_01.png in Resources */ = {isa = PBXBuildFile; fileRef = 522002C519C89F0300B44480 /* yellow_coin_01.png */; };
		522002E719C89F0300B44480 /* yellow_coin_05.png in Resources */ = {isa = PBXBuildFile; fileRef = 522002C619C89F0300B44480 /* yellow_coin_05.png */; };
		522002E819C89F0300B44480 /* yellow_coin_10.png in Resources */ = {isa = PBXBuildFile; fileRef = 522002C719C89F0300B44480 /* yellow_coin_10.png */; };
		522002E919C89F0300B44480 /* yellow_coin_50.png in Resources */ = {isa = PBXBuildFile; fileRef = 522002C819C89F0300B44480 /* yellow_coin_50.png */; };
		5286E1B219C92D38001668E2 /* borad_02.png in Resources */ = {isa = PBXBuildFile; fileRef = 5286E1A419C92D38001668E2 /* borad_02.png */; };
		5286E1B919C92D38001668E2 /* select_borad_02.png in Resources */ = {isa = PBXBuildFile; fileRef = 5286E1AB19C92D38001668E2 /* select_borad_02.png */; };
		5286E1C319C930C7001668E2 /* cup_01.png in Resources */ = {isa = PBXBuildFile; fileRef = 5286E1C019C930C7001668E2 /* cup_01.png */; };
		5286E1C419C930C7001668E2 /* cup_02.png in Resources */ = {isa = PBXBuildFile; fileRef = 5286E1C119C930C7001668E2 /* cup_02.png */; };
		5286E1C519C930C7001668E2 /* cup_03.png in Resources */ = {isa = PBXBuildFile; fileRef = 5286E1C219C930C7001668E2 /* cup_03.png */; };
		5286E22E19C9CCF2001668E2 /* bg_shake.png in Resources */ = {isa = PBXBuildFile; fileRef = 5286E22D19C9CCF2001668E2 /* bg_shake.png */; };
		5286E23019C9DD74001668E2 /* bg-dish.png in Resources */ = {isa = PBXBuildFile; fileRef = 5286E22F19C9DD74001668E2 /* bg-dish.png */; };
		5286E23719C9E391001668E2 /* dice_1.png in Resources */ = {isa = PBXBuildFile; fileRef = 5286E23119C9E391001668E2 /* dice_1.png */; };
		5286E23819C9E391001668E2 /* dice_2.png in Resources */ = {isa = PBXBuildFile; fileRef = 5286E23219C9E391001668E2 /* dice_2.png */; };
		5286E23919C9E392001668E2 /* dice_3.png in Resources */ = {isa = PBXBuildFile; fileRef = 5286E23319C9E391001668E2 /* dice_3.png */; };
		5286E23A19C9E392001668E2 /* dice_4.png in Resources */ = {isa = PBXBuildFile; fileRef = 5286E23419C9E391001668E2 /* dice_4.png */; };
		5286E23B19C9E392001668E2 /* dice_5.png in Resources */ = {isa = PBXBuildFile; fileRef = 5286E23519C9E391001668E2 /* dice_5.png */; };
		5286E23C19C9E392001668E2 /* dice_6.png in Resources */ = {isa = PBXBuildFile; fileRef = 5286E23619C9E391001668E2 /* dice_6.png */; };
		5286E24919C9EEC8001668E2 /* borad_1.png in Resources */ = {isa = PBXBuildFile; fileRef = 5286E23D19C9EEC8001668E2 /* borad_1.png */; };
		5286E24A19C9EEC8001668E2 /* borad_2.png in Resources */ = {isa = PBXBuildFile; fileRef = 5286E23E19C9EEC8001668E2 /* borad_2.png */; };
		5286E24B19C9EEC8001668E2 /* borad_3.png in Resources */ = {isa = PBXBuildFile; fileRef = 5286E23F19C9EEC8001668E2 /* borad_3.png */; };
		5286E24C19C9EEC8001668E2 /* borad_4.png in Resources */ = {isa = PBXBuildFile; fileRef = 5286E24019C9EEC8001668E2 /* borad_4.png */; };
		5286E24D19C9EEC8001668E2 /* borad_5.png in Resources */ = {isa = PBXBuildFile; fileRef = 5286E24119C9EEC8001668E2 /* borad_5.png */; };
		5286E24E19C9EEC8001668E2 /* borad_6.png in Resources */ = {isa = PBXBuildFile; fileRef = 5286E24219C9EEC8001668E2 /* borad_6.png */; };
		5286E24F19C9EEC8001668E2 /* select_borad_1.png in Resources */ = {isa = PBXBuildFile; fileRef = 5286E24319C9EEC8001668E2 /* select_borad_1.png */; };
		5286E25019C9EEC8001668E2 /* select_borad_2.png in Resources */ = {isa = PBXBuildFile; fileRef = 5286E24419C9EEC8001668E2 /* select_borad_2.png */; };
		5286E25119C9EEC8001668E2 /* select_borad_3.png in Resources */ = {isa = PBXBuildFile; fileRef = 5286E24519C9EEC8001668E2 /* select_borad_3.png */; };
		5286E25219C9EEC8001668E2 /* select_borad_4.png in Resources */ = {isa = PBXBuildFile; fileRef = 5286E24619C9EEC8001668E2 /* select_borad_4.png */; };
		5286E25319C9EEC8001668E2 /* select_borad_5.png in Resources */ = {isa = PBXBuildFile; fileRef = 5286E24719C9EEC8001668E2 /* select_borad_5.png */; };
		5286E25419C9EEC8001668E2 /* select_borad_6.png in Resources */ = {isa = PBXBuildFile; fileRef = 5286E24819C9EEC8001668E2 /* select_borad_6.png */; };
		52A1E82819CF3008002563C1 /* gamesound.mp3 in Resources */ = {isa = PBXBuildFile; fileRef = 52A1E82719CF3008002563C1 /* gamesound.mp3 */; };
		52A1E82A19CF303A002563C1 /* AVFoundation.framework in Frameworks */ = {isa = PBXBuildFile; fileRef = 52A1E82919CF303A002563C1 /* AVFoundation.framework */; };
		52C9FE3D19D2B47C00B4C792 /* PFMainViewController.xib in Resources */ = {isa = PBXBuildFile; fileRef = 52C9FE3C19D2B47C00B4C792 /* PFMainViewController.xib */; };
		52C9FE4519D2B81700B4C792 /* splashiP4.png in Resources */ = {isa = PBXBuildFile; fileRef = 52C9FE3F19D2B81700B4C792 /* splashiP4.png */; };
		52C9FE4619D2B81700B4C792 /* loadingiP4.png in Resources */ = {isa = PBXBuildFile; fileRef = 52C9FE4019D2B81700B4C792 /* loadingiP4.png */; };
		52C9FE4719D2B81700B4C792 /* setting_unmuteiP4.png in Resources */ = {isa = PBXBuildFile; fileRef = 52C9FE4119D2B81700B4C792 /* setting_unmuteiP4.png */; };
		52C9FE4819D2B81700B4C792 /* setting_muteiP4.png in Resources */ = {isa = PBXBuildFile; fileRef = 52C9FE4219D2B81700B4C792 /* setting_muteiP4.png */; };
		52C9FE4919D2B81700B4C792 /* shareiP4.png in Resources */ = {isa = PBXBuildFile; fileRef = 52C9FE4319D2B81700B4C792 /* shareiP4.png */; };
		52C9FE4A19D2B81700B4C792 /* loading1iP4.png in Resources */ = {isa = PBXBuildFile; fileRef = 52C9FE4419D2B81700B4C792 /* loading1iP4.png */; };
		52DAACBE19D048D9006B9060 /* DiceSoundEffect.mp3 in Resources */ = {isa = PBXBuildFile; fileRef = 52DAACBD19D048D9006B9060 /* DiceSoundEffect.mp3 */; };
		52DAACC319D0499C006B9060 /* loading@2x.png in Resources */ = {isa = PBXBuildFile; fileRef = 52DAACBF19D0499C006B9060 /* loading@2x.png */; };
		52DAACC519D0499C006B9060 /* share@2x.png in Resources */ = {isa = PBXBuildFile; fileRef = 52DAACC119D0499C006B9060 /* share@2x.png */; };
		52DAACC619D0499C006B9060 /* splash@2x.png in Resources */ = {isa = PBXBuildFile; fileRef = 52DAACC219D0499C006B9060 /* splash@2x.png */; };
		52DAACCE19D04FA8006B9060 /* show_dice_6.png in Resources */ = {isa = PBXBuildFile; fileRef = 52DAACC819D04FA8006B9060 /* show_dice_6.png */; };
		52DAACCF19D04FA8006B9060 /* show_dice_3.png in Resources */ = {isa = PBXBuildFile; fileRef = 52DAACC919D04FA8006B9060 /* show_dice_3.png */; };
		52DAACD019D04FA8006B9060 /* show_dice_4.png in Resources */ = {isa = PBXBuildFile; fileRef = 52DAACCA19D04FA8006B9060 /* show_dice_4.png */; };
		52DAACD119D04FA8006B9060 /* show_dice_2.png in Resources */ = {isa = PBXBuildFile; fileRef = 52DAACCB19D04FA8006B9060 /* show_dice_2.png */; };
		52DAACD219D04FA8006B9060 /* show_dice_5.png in Resources */ = {isa = PBXBuildFile; fileRef = 52DAACCC19D04FA8006B9060 /* show_dice_5.png */; };
		52DAACD319D04FA8006B9060 /* show_dice_1.png in Resources */ = {isa = PBXBuildFile; fileRef = 52DAACCD19D04FA8006B9060 /* show_dice_1.png */; };
		52DAACD519D05936006B9060 /* loading1@2x.png in Resources */ = {isa = PBXBuildFile; fileRef = 52DAACD419D05936006B9060 /* loading1@2x.png */; };
/* End PBXBuildFile section */

/* Begin PBXContainerItemProxy section */
		369ABF1719C69BB2009F564F /* PBXContainerItemProxy */ = {
			isa = PBXContainerItemProxy;
			containerPortal = 369ABEEF19C69BB1009F564F /* Project object */;
			proxyType = 1;
			remoteGlobalIDString = 369ABEF619C69BB1009F564F;
			remoteInfo = "Real Fish Prawn Crab";
		};
/* End PBXContainerItemProxy section */

/* Begin PBXFileReference section */
		369ABEF719C69BB1009F564F /* Real Fish Prawn Crab.app */ = {isa = PBXFileReference; explicitFileType = wrapper.application; includeInIndex = 0; path = "Real Fish Prawn Crab.app"; sourceTree = BUILT_PRODUCTS_DIR; };
		369ABEFA19C69BB1009F564F /* Foundation.framework */ = {isa = PBXFileReference; lastKnownFileType = wrapper.framework; name = Foundation.framework; path = System/Library/Frameworks/Foundation.framework; sourceTree = SDKROOT; };
		369ABEFC19C69BB1009F564F /* CoreGraphics.framework */ = {isa = PBXFileReference; lastKnownFileType = wrapper.framework; name = CoreGraphics.framework; path = System/Library/Frameworks/CoreGraphics.framework; sourceTree = SDKROOT; };
		369ABEFE19C69BB1009F564F /* UIKit.framework */ = {isa = PBXFileReference; lastKnownFileType = wrapper.framework; name = UIKit.framework; path = System/Library/Frameworks/UIKit.framework; sourceTree = SDKROOT; };
		369ABF0219C69BB1009F564F /* Real Fish Prawn Crab-Info.plist */ = {isa = PBXFileReference; lastKnownFileType = text.plist.xml; path = "Real Fish Prawn Crab-Info.plist"; sourceTree = "<group>"; };
		369ABF0419C69BB1009F564F /* en */ = {isa = PBXFileReference; lastKnownFileType = text.plist.strings; name = en; path = en.lproj/InfoPlist.strings; sourceTree = "<group>"; };
		369ABF0619C69BB1009F564F /* main.m */ = {isa = PBXFileReference; lastKnownFileType = sourcecode.c.objc; path = main.m; sourceTree = "<group>"; };
		369ABF0819C69BB1009F564F /* Real Fish Prawn Crab-Prefix.pch */ = {isa = PBXFileReference; lastKnownFileType = sourcecode.c.h; path = "Real Fish Prawn Crab-Prefix.pch"; sourceTree = "<group>"; };
		369ABF0919C69BB1009F564F /* PFAppDelegate.h */ = {isa = PBXFileReference; lastKnownFileType = sourcecode.c.h; path = PFAppDelegate.h; sourceTree = "<group>"; };
		369ABF0A19C69BB1009F564F /* PFAppDelegate.m */ = {isa = PBXFileReference; lastKnownFileType = sourcecode.c.objc; path = PFAppDelegate.m; sourceTree = "<group>"; };
		369ABF0C19C69BB2009F564F /* Images.xcassets */ = {isa = PBXFileReference; lastKnownFileType = folder.assetcatalog; path = Images.xcassets; sourceTree = "<group>"; };
		369ABF1219C69BB2009F564F /* Real Fish Prawn CrabTests.xctest */ = {isa = PBXFileReference; explicitFileType = wrapper.cfbundle; includeInIndex = 0; path = "Real Fish Prawn CrabTests.xctest"; sourceTree = BUILT_PRODUCTS_DIR; };
		369ABF1319C69BB2009F564F /* XCTest.framework */ = {isa = PBXFileReference; lastKnownFileType = wrapper.framework; name = XCTest.framework; path = Library/Frameworks/XCTest.framework; sourceTree = DEVELOPER_DIR; };
		369ABF1B19C69BB2009F564F /* Real Fish Prawn CrabTests-Info.plist */ = {isa = PBXFileReference; lastKnownFileType = text.plist.xml; path = "Real Fish Prawn CrabTests-Info.plist"; sourceTree = "<group>"; };
		369ABF1D19C69BB2009F564F /* en */ = {isa = PBXFileReference; lastKnownFileType = text.plist.strings; name = en; path = en.lproj/InfoPlist.strings; sourceTree = "<group>"; };
		369ABF1F19C69BB2009F564F /* Real_Fish_Prawn_CrabTests.m */ = {isa = PBXFileReference; lastKnownFileType = sourcecode.c.objc; path = Real_Fish_Prawn_CrabTests.m; sourceTree = "<group>"; };
		520B965D19D14F030049DB07 /* playerData1.png */ = {isa = PBXFileReference; lastKnownFileType = image.png; path = playerData1.png; sourceTree = "<group>"; };
		520B965E19D14F030049DB07 /* playerData2.png */ = {isa = PBXFileReference; lastKnownFileType = image.png; path = playerData2.png; sourceTree = "<group>"; };
		520B965F19D14F030049DB07 /* playerData3.png */ = {isa = PBXFileReference; lastKnownFileType = image.png; path = playerData3.png; sourceTree = "<group>"; };
		520B966019D14F030049DB07 /* playerData4.png */ = {isa = PBXFileReference; lastKnownFileType = image.png; path = playerData4.png; sourceTree = "<group>"; };
		520B966119D14F030049DB07 /* playerDataAll.png */ = {isa = PBXFileReference; lastKnownFileType = image.png; path = playerDataAll.png; sourceTree = "<group>"; };
		520B966219D14F030049DB07 /* Setting_icon@2x.png */ = {isa = PBXFileReference; lastKnownFileType = image.png; path = "Setting_icon@2x.png"; sourceTree = "<group>"; };
		520B966319D14F030049DB07 /* Share_icon@2x.png */ = {isa = PBXFileReference; lastKnownFileType = image.png; path = "Share_icon@2x.png"; sourceTree = "<group>"; };
		520B980A19D182D10049DB07 /* Zoomin.mov */ = {isa = PBXFileReference; lastKnownFileType = video.quicktime; path = Zoomin.mov; sourceTree = "<group>"; };
		5211A2E619D18F07009CD3A5 /* Zoomout.mov */ = {isa = PBXFileReference; lastKnownFileType = video.quicktime; path = Zoomout.mov; sourceTree = "<group>"; };
		5211A2E819D1BE9F009CD3A5 /* setting_unmute@2x.png */ = {isa = PBXFileReference; lastKnownFileType = image.png; path = "setting_unmute@2x.png"; sourceTree = "<group>"; };
		5211A2EA19D1BED2009CD3A5 /* setting_mute@2x.png */ = {isa = PBXFileReference; lastKnownFileType = image.png; path = "setting_mute@2x.png"; sourceTree = "<group>"; };
		5218130719C9263B005A7D71 /* bg_board.png */ = {isa = PBXFileReference; lastKnownFileType = image.png; path = bg_board.png; sourceTree = "<group>"; };
		521B08B219D0B19800E279AF /* circle_01.png */ = {isa = PBXFileReference; lastKnownFileType = image.png; path = circle_01.png; sourceTree = "<group>"; };
		521B08B319D0B19800E279AF /* circle_02.png */ = {isa = PBXFileReference; lastKnownFileType = image.png; path = circle_02.png; sourceTree = "<group>"; };
		521B08B419D0B19800E279AF /* circle_03.png */ = {isa = PBXFileReference; lastKnownFileType = image.png; path = circle_03.png; sourceTree = "<group>"; };
		521B08B519D0B19800E279AF /* circle_04.png */ = {isa = PBXFileReference; lastKnownFileType = image.png; path = circle_04.png; sourceTree = "<group>"; };
		521B08B619D0B19800E279AF /* circle_05.png */ = {isa = PBXFileReference; lastKnownFileType = image.png; path = circle_05.png; sourceTree = "<group>"; };
		5220029119C8797000B44480 /* PFMainViewController.h */ = {isa = PBXFileReference; fileEncoding = 4; lastKnownFileType = sourcecode.c.h; path = PFMainViewController.h; sourceTree = "<group>"; };
		5220029219C8797000B44480 /* PFMainViewController.m */ = {isa = PBXFileReference; fileEncoding = 4; lastKnownFileType = sourcecode.c.objc; path = PFMainViewController.m; sourceTree = "<group>"; };
		5220029319C8797000B44480 /* PFMainViewController_Wide.xib */ = {isa = PBXFileReference; fileEncoding = 4; lastKnownFileType = file.xib; path = PFMainViewController_Wide.xib; sourceTree = "<group>"; };
		522002A519C89F0200B44480 /* blue_coin_01.png */ = {isa = PBXFileReference; lastKnownFileType = image.png; path = blue_coin_01.png; sourceTree = "<group>"; };
		522002A619C89F0200B44480 /* blue_coin_05.png */ = {isa = PBXFileReference; lastKnownFileType = image.png; path = blue_coin_05.png; sourceTree = "<group>"; };
		522002A719C89F0200B44480 /* blue_coin_10.png */ = {isa = PBXFileReference; lastKnownFileType = image.png; path = blue_coin_10.png; sourceTree = "<group>"; };
		522002A819C89F0200B44480 /* blue_coin_50.png */ = {isa = PBXFileReference; lastKnownFileType = image.png; path = blue_coin_50.png; sourceTree = "<group>"; };
		522002A919C89F0200B44480 /* select_blue_coin_01.png */ = {isa = PBXFileReference; lastKnownFileType = image.png; path = select_blue_coin_01.png; sourceTree = "<group>"; };
		522002AA19C89F0200B44480 /* select_blue_coin_05.png */ = {isa = PBXFileReference; lastKnownFileType = image.png; path = select_blue_coin_05.png; sourceTree = "<group>"; };
		522002AB19C89F0200B44480 /* select_blue_coin_10.png */ = {isa = PBXFileReference; lastKnownFileType = image.png; path = select_blue_coin_10.png; sourceTree = "<group>"; };
		522002AC19C89F0200B44480 /* select_blue_coin_50.png */ = {isa = PBXFileReference; lastKnownFileType = image.png; path = select_blue_coin_50.png; sourceTree = "<group>"; };
		522002AD19C89F0200B44480 /* bt_cancel.png */ = {isa = PBXFileReference; lastKnownFileType = image.png; path = bt_cancel.png; sourceTree = "<group>"; };
		522002AF19C89F0200B44480 /* green_coin_01.png */ = {isa = PBXFileReference; lastKnownFileType = image.png; path = green_coin_01.png; sourceTree = "<group>"; };
		522002B019C89F0200B44480 /* green_coin_05.png */ = {isa = PBXFileReference; lastKnownFileType = image.png; path = green_coin_05.png; sourceTree = "<group>"; };
		522002B119C89F0200B44480 /* green_coin_10.png */ = {isa = PBXFileReference; lastKnownFileType = image.png; path = green_coin_10.png; sourceTree = "<group>"; };
		522002B219C89F0200B44480 /* green_coin_50.png */ = {isa = PBXFileReference; lastKnownFileType = image.png; path = green_coin_50.png; sourceTree = "<group>"; };
		522002B319C89F0200B44480 /* select_green_coin_01.png */ = {isa = PBXFileReference; lastKnownFileType = image.png; path = select_green_coin_01.png; sourceTree = "<group>"; };
		522002B419C89F0200B44480 /* select_green_coin_05.png */ = {isa = PBXFileReference; lastKnownFileType = image.png; path = select_green_coin_05.png; sourceTree = "<group>"; };
		522002B519C89F0200B44480 /* select_green_coin_10.png */ = {isa = PBXFileReference; lastKnownFileType = image.png; path = select_green_coin_10.png; sourceTree = "<group>"; };
		522002B619C89F0200B44480 /* select_green_coin_50.png */ = {isa = PBXFileReference; lastKnownFileType = image.png; path = select_green_coin_50.png; sourceTree = "<group>"; };
		522002B819C89F0200B44480 /* red_coin_01.png */ = {isa = PBXFileReference; lastKnownFileType = image.png; path = red_coin_01.png; sourceTree = "<group>"; };
		522002B919C89F0200B44480 /* red_coin_05.png */ = {isa = PBXFileReference; lastKnownFileType = image.png; path = red_coin_05.png; sourceTree = "<group>"; };
		522002BA19C89F0200B44480 /* red_coin_10.png */ = {isa = PBXFileReference; lastKnownFileType = image.png; path = red_coin_10.png; sourceTree = "<group>"; };
		522002BB19C89F0200B44480 /* red_coin_50.png */ = {isa = PBXFileReference; lastKnownFileType = image.png; path = red_coin_50.png; sourceTree = "<group>"; };
		522002BC19C89F0200B44480 /* select_red_coin_01.png */ = {isa = PBXFileReference; lastKnownFileType = image.png; path = select_red_coin_01.png; sourceTree = "<group>"; };
		522002BD19C89F0200B44480 /* select_red_coin_05.png */ = {isa = PBXFileReference; lastKnownFileType = image.png; path = select_red_coin_05.png; sourceTree = "<group>"; };
		522002BE19C89F0300B44480 /* select_red_coin_10.png */ = {isa = PBXFileReference; lastKnownFileType = image.png; path = select_red_coin_10.png; sourceTree = "<group>"; };
		522002BF19C89F0300B44480 /* select_red_coin_50.png */ = {isa = PBXFileReference; lastKnownFileType = image.png; path = select_red_coin_50.png; sourceTree = "<group>"; };
		522002C119C89F0300B44480 /* select_yellow_coin_01.png */ = {isa = PBXFileReference; lastKnownFileType = image.png; path = select_yellow_coin_01.png; sourceTree = "<group>"; };
		522002C219C89F0300B44480 /* select_yellow_coin_05.png */ = {isa = PBXFileReference; lastKnownFileType = image.png; path = select_yellow_coin_05.png; sourceTree = "<group>"; };
		522002C319C89F0300B44480 /* select_yellow_coin_10.png */ = {isa = PBXFileReference; lastKnownFileType = image.png; path = select_yellow_coin_10.png; sourceTree = "<group>"; };
		522002C419C89F0300B44480 /* select_yellow_coin_50.png */ = {isa = PBXFileReference; lastKnownFileType = image.png; path = select_yellow_coin_50.png; sourceTree = "<group>"; };
		522002C519C89F0300B44480 /* yellow_coin_01.png */ = {isa = PBXFileReference; lastKnownFileType = image.png; path = yellow_coin_01.png; sourceTree = "<group>"; };
		522002C619C89F0300B44480 /* yellow_coin_05.png */ = {isa = PBXFileReference; lastKnownFileType = image.png; path = yellow_coin_05.png; sourceTree = "<group>"; };
		522002C719C89F0300B44480 /* yellow_coin_10.png */ = {isa = PBXFileReference; lastKnownFileType = image.png; path = yellow_coin_10.png; sourceTree = "<group>"; };
		522002C819C89F0300B44480 /* yellow_coin_50.png */ = {isa = PBXFileReference; lastKnownFileType = image.png; path = yellow_coin_50.png; sourceTree = "<group>"; };
		5286E1A419C92D38001668E2 /* borad_02.png */ = {isa = PBXFileReference; lastKnownFileType = image.png; path = borad_02.png; sourceTree = "<group>"; };
		5286E1AB19C92D38001668E2 /* select_borad_02.png */ = {isa = PBXFileReference; lastKnownFileType = image.png; path = select_borad_02.png; sourceTree = "<group>"; };
		5286E1C019C930C7001668E2 /* cup_01.png */ = {isa = PBXFileReference; lastKnownFileType = image.png; path = cup_01.png; sourceTree = "<group>"; };
		5286E1C119C930C7001668E2 /* cup_02.png */ = {isa = PBXFileReference; lastKnownFileType = image.png; path = cup_02.png; sourceTree = "<group>"; };
		5286E1C219C930C7001668E2 /* cup_03.png */ = {isa = PBXFileReference; lastKnownFileType = image.png; path = cup_03.png; sourceTree = "<group>"; };
		5286E22D19C9CCF2001668E2 /* bg_shake.png */ = {isa = PBXFileReference; lastKnownFileType = image.png; path = bg_shake.png; sourceTree = "<group>"; };
		5286E22F19C9DD74001668E2 /* bg-dish.png */ = {isa = PBXFileReference; lastKnownFileType = image.png; path = "bg-dish.png"; sourceTree = "<group>"; };
		5286E23119C9E391001668E2 /* dice_1.png */ = {isa = PBXFileReference; lastKnownFileType = image.png; path = dice_1.png; sourceTree = "<group>"; };
		5286E23219C9E391001668E2 /* dice_2.png */ = {isa = PBXFileReference; lastKnownFileType = image.png; path = dice_2.png; sourceTree = "<group>"; };
		5286E23319C9E391001668E2 /* dice_3.png */ = {isa = PBXFileReference; lastKnownFileType = image.png; path = dice_3.png; sourceTree = "<group>"; };
		5286E23419C9E391001668E2 /* dice_4.png */ = {isa = PBXFileReference; lastKnownFileType = image.png; path = dice_4.png; sourceTree = "<group>"; };
		5286E23519C9E391001668E2 /* dice_5.png */ = {isa = PBXFileReference; lastKnownFileType = image.png; path = dice_5.png; sourceTree = "<group>"; };
		5286E23619C9E391001668E2 /* dice_6.png */ = {isa = PBXFileReference; lastKnownFileType = image.png; path = dice_6.png; sourceTree = "<group>"; };
		5286E23D19C9EEC8001668E2 /* borad_1.png */ = {isa = PBXFileReference; lastKnownFileType = image.png; path = borad_1.png; sourceTree = "<group>"; };
		5286E23E19C9EEC8001668E2 /* borad_2.png */ = {isa = PBXFileReference; lastKnownFileType = image.png; path = borad_2.png; sourceTree = "<group>"; };
		5286E23F19C9EEC8001668E2 /* borad_3.png */ = {isa = PBXFileReference; lastKnownFileType = image.png; path = borad_3.png; sourceTree = "<group>"; };
		5286E24019C9EEC8001668E2 /* borad_4.png */ = {isa = PBXFileReference; lastKnownFileType = image.png; path = borad_4.png; sourceTree = "<group>"; };
		5286E24119C9EEC8001668E2 /* borad_5.png */ = {isa = PBXFileReference; lastKnownFileType = image.png; path = borad_5.png; sourceTree = "<group>"; };
		5286E24219C9EEC8001668E2 /* borad_6.png */ = {isa = PBXFileReference; lastKnownFileType = image.png; path = borad_6.png; sourceTree = "<group>"; };
		5286E24319C9EEC8001668E2 /* select_borad_1.png */ = {isa = PBXFileReference; lastKnownFileType = image.png; path = select_borad_1.png; sourceTree = "<group>"; };
		5286E24419C9EEC8001668E2 /* select_borad_2.png */ = {isa = PBXFileReference; lastKnownFileType = image.png; path = select_borad_2.png; sourceTree = "<group>"; };
		5286E24519C9EEC8001668E2 /* select_borad_3.png */ = {isa = PBXFileReference; lastKnownFileType = image.png; path = select_borad_3.png; sourceTree = "<group>"; };
		5286E24619C9EEC8001668E2 /* select_borad_4.png */ = {isa = PBXFileReference; lastKnownFileType = image.png; path = select_borad_4.png; sourceTree = "<group>"; };
		5286E24719C9EEC8001668E2 /* select_borad_5.png */ = {isa = PBXFileReference; lastKnownFileType = image.png; path = select_borad_5.png; sourceTree = "<group>"; };
		5286E24819C9EEC8001668E2 /* select_borad_6.png */ = {isa = PBXFileReference; lastKnownFileType = image.png; path = select_borad_6.png; sourceTree = "<group>"; };
		52A1E82719CF3008002563C1 /* gamesound.mp3 */ = {isa = PBXFileReference; lastKnownFileType = audio.mp3; path = gamesound.mp3; sourceTree = "<group>"; };
		52A1E82919CF303A002563C1 /* AVFoundation.framework */ = {isa = PBXFileReference; lastKnownFileType = wrapper.framework; name = AVFoundation.framework; path = System/Library/Frameworks/AVFoundation.framework; sourceTree = SDKROOT; };
		52C9FE3C19D2B47C00B4C792 /* PFMainViewController.xib */ = {isa = PBXFileReference; fileEncoding = 4; lastKnownFileType = file.xib; path = PFMainViewController.xib; sourceTree = "<group>"; };
		52C9FE3F19D2B81700B4C792 /* splashiP4.png */ = {isa = PBXFileReference; lastKnownFileType = image.png; path = splashiP4.png; sourceTree = "<group>"; };
		52C9FE4019D2B81700B4C792 /* loadingiP4.png */ = {isa = PBXFileReference; lastKnownFileType = image.png; path = loadingiP4.png; sourceTree = "<group>"; };
		52C9FE4119D2B81700B4C792 /* setting_unmuteiP4.png */ = {isa = PBXFileReference; lastKnownFileType = image.png; path = setting_unmuteiP4.png; sourceTree = "<group>"; };
		52C9FE4219D2B81700B4C792 /* setting_muteiP4.png */ = {isa = PBXFileReference; lastKnownFileType = image.png; path = setting_muteiP4.png; sourceTree = "<group>"; };
		52C9FE4319D2B81700B4C792 /* shareiP4.png */ = {isa = PBXFileReference; lastKnownFileType = image.png; path = shareiP4.png; sourceTree = "<group>"; };
		52C9FE4419D2B81700B4C792 /* loading1iP4.png */ = {isa = PBXFileReference; lastKnownFileType = image.png; path = loading1iP4.png; sourceTree = "<group>"; };
		52DAACBD19D048D9006B9060 /* DiceSoundEffect.mp3 */ = {isa = PBXFileReference; lastKnownFileType = audio.mp3; path = DiceSoundEffect.mp3; sourceTree = "<group>"; };
		52DAACBF19D0499C006B9060 /* loading@2x.png */ = {isa = PBXFileReference; lastKnownFileType = image.png; path = "loading@2x.png"; sourceTree = "<group>"; };
		52DAACC119D0499C006B9060 /* share@2x.png */ = {isa = PBXFileReference; lastKnownFileType = image.png; path = "share@2x.png"; sourceTree = "<group>"; };
		52DAACC219D0499C006B9060 /* splash@2x.png */ = {isa = PBXFileReference; lastKnownFileType = image.png; path = "splash@2x.png"; sourceTree = "<group>"; };
		52DAACC819D04FA8006B9060 /* show_dice_6.png */ = {isa = PBXFileReference; lastKnownFileType = image.png; path = show_dice_6.png; sourceTree = "<group>"; };
		52DAACC919D04FA8006B9060 /* show_dice_3.png */ = {isa = PBXFileReference; lastKnownFileType = image.png; path = show_dice_3.png; sourceTree = "<group>"; };
		52DAACCA19D04FA8006B9060 /* show_dice_4.png */ = {isa = PBXFileReference; lastKnownFileType = image.png; path = show_dice_4.png; sourceTree = "<group>"; };
		52DAACCB19D04FA8006B9060 /* show_dice_2.png */ = {isa = PBXFileReference; lastKnownFileType = image.png; path = show_dice_2.png; sourceTree = "<group>"; };
		52DAACCC19D04FA8006B9060 /* show_dice_5.png */ = {isa = PBXFileReference; lastKnownFileType = image.png; path = show_dice_5.png; sourceTree = "<group>"; };
		52DAACCD19D04FA8006B9060 /* show_dice_1.png */ = {isa = PBXFileReference; lastKnownFileType = image.png; path = show_dice_1.png; sourceTree = "<group>"; };
		52DAACD419D05936006B9060 /* loading1@2x.png */ = {isa = PBXFileReference; lastKnownFileType = image.png; path = "loading1@2x.png"; sourceTree = "<group>"; };
/* End PBXFileReference section */

/* Begin PBXFrameworksBuildPhase section */
		369ABEF419C69BB1009F564F /* Frameworks */ = {
			isa = PBXFrameworksBuildPhase;
			buildActionMask = 2147483647;
			files = (
				52A1E82A19CF303A002563C1 /* AVFoundation.framework in Frameworks */,
				369ABEFD19C69BB1009F564F /* CoreGraphics.framework in Frameworks */,
				369ABEFF19C69BB1009F564F /* UIKit.framework in Frameworks */,
				369ABEFB19C69BB1009F564F /* Foundation.framework in Frameworks */,
			);
			runOnlyForDeploymentPostprocessing = 0;
		};
		369ABF0F19C69BB2009F564F /* Frameworks */ = {
			isa = PBXFrameworksBuildPhase;
			buildActionMask = 2147483647;
			files = (
				369ABF1419C69BB2009F564F /* XCTest.framework in Frameworks */,
				369ABF1619C69BB2009F564F /* UIKit.framework in Frameworks */,
				369ABF1519C69BB2009F564F /* Foundation.framework in Frameworks */,
			);
			runOnlyForDeploymentPostprocessing = 0;
		};
/* End PBXFrameworksBuildPhase section */

/* Begin PBXGroup section */
		3696BA2219C6A6FB0024A496 /* View */ = {
			isa = PBXGroup;
			children = (
				5220028F19C8797000B44480 /* ViewController */,
			);
			name = View;
			sourceTree = "<group>";
		};
		369ABEEE19C69BB1009F564F = {
			isa = PBXGroup;
			children = (
				369ABF0019C69BB1009F564F /* Real Fish Prawn Crab */,
				369ABF1919C69BB2009F564F /* Real Fish Prawn CrabTests */,
				369ABEF919C69BB1009F564F /* Frameworks */,
				369ABEF819C69BB1009F564F /* Products */,
			);
			sourceTree = "<group>";
		};
		369ABEF819C69BB1009F564F /* Products */ = {
			isa = PBXGroup;
			children = (
				369ABEF719C69BB1009F564F /* Real Fish Prawn Crab.app */,
				369ABF1219C69BB2009F564F /* Real Fish Prawn CrabTests.xctest */,
			);
			name = Products;
			sourceTree = "<group>";
		};
		369ABEF919C69BB1009F564F /* Frameworks */ = {
			isa = PBXGroup;
			children = (
				52A1E82919CF303A002563C1 /* AVFoundation.framework */,
				369ABEFA19C69BB1009F564F /* Foundation.framework */,
				369ABEFC19C69BB1009F564F /* CoreGraphics.framework */,
				369ABEFE19C69BB1009F564F /* UIKit.framework */,
				369ABF1319C69BB2009F564F /* XCTest.framework */,
			);
			name = Frameworks;
			sourceTree = "<group>";
		};
		369ABF0019C69BB1009F564F /* Real Fish Prawn Crab */ = {
			isa = PBXGroup;
			children = (
				3696BA2219C6A6FB0024A496 /* View */,
				369ABF0919C69BB1009F564F /* PFAppDelegate.h */,
				369ABF0A19C69BB1009F564F /* PFAppDelegate.m */,
				369ABF0C19C69BB2009F564F /* Images.xcassets */,
				369ABF0119C69BB1009F564F /* Supporting Files */,
			);
			path = "Real Fish Prawn Crab";
			sourceTree = "<group>";
		};
		369ABF0119C69BB1009F564F /* Supporting Files */ = {
			isa = PBXGroup;
			children = (
				369ABF0219C69BB1009F564F /* Real Fish Prawn Crab-Info.plist */,
				369ABF0319C69BB1009F564F /* InfoPlist.strings */,
				369ABF0619C69BB1009F564F /* main.m */,
				369ABF0819C69BB1009F564F /* Real Fish Prawn Crab-Prefix.pch */,
			);
			name = "Supporting Files";
			sourceTree = "<group>";
		};
		369ABF1919C69BB2009F564F /* Real Fish Prawn CrabTests */ = {
			isa = PBXGroup;
			children = (
				369ABF1F19C69BB2009F564F /* Real_Fish_Prawn_CrabTests.m */,
				369ABF1A19C69BB2009F564F /* Supporting Files */,
			);
			path = "Real Fish Prawn CrabTests";
			sourceTree = "<group>";
		};
		369ABF1A19C69BB2009F564F /* Supporting Files */ = {
			isa = PBXGroup;
			children = (
				369ABF1B19C69BB2009F564F /* Real Fish Prawn CrabTests-Info.plist */,
				369ABF1C19C69BB2009F564F /* InfoPlist.strings */,
			);
			name = "Supporting Files";
			sourceTree = "<group>";
		};
		520B965C19D14F030049DB07 /* setting */ = {
			isa = PBXGroup;
			children = (
				5211A2EA19D1BED2009CD3A5 /* setting_mute@2x.png */,
				5211A2E819D1BE9F009CD3A5 /* setting_unmute@2x.png */,
				520B965D19D14F030049DB07 /* playerData1.png */,
				520B965E19D14F030049DB07 /* playerData2.png */,
				520B965F19D14F030049DB07 /* playerData3.png */,
				520B966019D14F030049DB07 /* playerData4.png */,
				520B966119D14F030049DB07 /* playerDataAll.png */,
				520B966219D14F030049DB07 /* Setting_icon@2x.png */,
				520B966319D14F030049DB07 /* Share_icon@2x.png */,
			);
			path = setting;
			sourceTree = "<group>";
		};
		521B08B119D0B19800E279AF /* circle */ = {
			isa = PBXGroup;
			children = (
				521B08B219D0B19800E279AF /* circle_01.png */,
				521B08B319D0B19800E279AF /* circle_02.png */,
				521B08B419D0B19800E279AF /* circle_03.png */,
				521B08B519D0B19800E279AF /* circle_04.png */,
				521B08B619D0B19800E279AF /* circle_05.png */,
			);
			path = circle;
			sourceTree = "<group>";
		};
		5220028F19C8797000B44480 /* ViewController */ = {
			isa = PBXGroup;
			children = (
				52DAACDE19D08388006B9060 /* Video */,
				52A1E82619CF2FFD002563C1 /* Audio */,
				5220029019C8797000B44480 /* Image */,
				5220029119C8797000B44480 /* PFMainViewController.h */,
				5220029219C8797000B44480 /* PFMainViewController.m */,
				5220029319C8797000B44480 /* PFMainViewController_Wide.xib */,
				52C9FE3C19D2B47C00B4C792 /* PFMainViewController.xib */,
			);
			path = ViewController;
			sourceTree = "<group>";
		};
		5220029019C8797000B44480 /* Image */ = {
			isa = PBXGroup;
			children = (
				52C9FE3E19D2B81700B4C792 /* iPhone4 */,
				52DAACD419D05936006B9060 /* loading1@2x.png */,
				5218130719C9263B005A7D71 /* bg_board.png */,
				5286E22D19C9CCF2001668E2 /* bg_shake.png */,
				5286E22F19C9DD74001668E2 /* bg-dish.png */,
				52DAACBF19D0499C006B9060 /* loading@2x.png */,
				52DAACC119D0499C006B9060 /* share@2x.png */,
				52DAACC219D0499C006B9060 /* splash@2x.png */,
				5286E1A219C92D38001668E2 /* borad */,
				521B08B119D0B19800E279AF /* circle */,
				522002A319C89F0200B44480 /* coin */,
				5286E1BF19C930C7001668E2 /* cup */,
				5220029619C89EBC00B44480 /* dice */,
				520B965C19D14F030049DB07 /* setting */,
				52DAACC719D04FA8006B9060 /* showdice */,
			);
			path = Image;
			sourceTree = "<group>";
		};
		5220029619C89EBC00B44480 /* dice */ = {
			isa = PBXGroup;
			children = (
				5286E23119C9E391001668E2 /* dice_1.png */,
				5286E23219C9E391001668E2 /* dice_2.png */,
				5286E23319C9E391001668E2 /* dice_3.png */,
				5286E23419C9E391001668E2 /* dice_4.png */,
				5286E23519C9E391001668E2 /* dice_5.png */,
				5286E23619C9E391001668E2 /* dice_6.png */,
			);
			path = dice;
			sourceTree = "<group>";
		};
		522002A319C89F0200B44480 /* coin */ = {
			isa = PBXGroup;
			children = (
				522002AD19C89F0200B44480 /* bt_cancel.png */,
				522002B719C89F0200B44480 /* red */,
				522002A419C89F0200B44480 /* blue */,
				522002AE19C89F0200B44480 /* green */,
				522002C019C89F0300B44480 /* yellow */,
			);
			path = coin;
			sourceTree = "<group>";
		};
		522002A419C89F0200B44480 /* blue */ = {
			isa = PBXGroup;
			children = (
				522002A519C89F0200B44480 /* blue_coin_01.png */,
				522002A619C89F0200B44480 /* blue_coin_05.png */,
				522002A719C89F0200B44480 /* blue_coin_10.png */,
				522002A819C89F0200B44480 /* blue_coin_50.png */,
				522002A919C89F0200B44480 /* select_blue_coin_01.png */,
				522002AA19C89F0200B44480 /* select_blue_coin_05.png */,
				522002AB19C89F0200B44480 /* select_blue_coin_10.png */,
				522002AC19C89F0200B44480 /* select_blue_coin_50.png */,
			);
			path = blue;
			sourceTree = "<group>";
		};
		522002AE19C89F0200B44480 /* green */ = {
			isa = PBXGroup;
			children = (
				522002AF19C89F0200B44480 /* green_coin_01.png */,
				522002B019C89F0200B44480 /* green_coin_05.png */,
				522002B119C89F0200B44480 /* green_coin_10.png */,
				522002B219C89F0200B44480 /* green_coin_50.png */,
				522002B319C89F0200B44480 /* select_green_coin_01.png */,
				522002B419C89F0200B44480 /* select_green_coin_05.png */,
				522002B519C89F0200B44480 /* select_green_coin_10.png */,
				522002B619C89F0200B44480 /* select_green_coin_50.png */,
			);
			path = green;
			sourceTree = "<group>";
		};
		522002B719C89F0200B44480 /* red */ = {
			isa = PBXGroup;
			children = (
				522002B819C89F0200B44480 /* red_coin_01.png */,
				522002B919C89F0200B44480 /* red_coin_05.png */,
				522002BA19C89F0200B44480 /* red_coin_10.png */,
				522002BB19C89F0200B44480 /* red_coin_50.png */,
				522002BC19C89F0200B44480 /* select_red_coin_01.png */,
				522002BD19C89F0200B44480 /* select_red_coin_05.png */,
				522002BE19C89F0300B44480 /* select_red_coin_10.png */,
				522002BF19C89F0300B44480 /* select_red_coin_50.png */,
			);
			path = red;
			sourceTree = "<group>";
		};
		522002C019C89F0300B44480 /* yellow */ = {
			isa = PBXGroup;
			children = (
				522002C119C89F0300B44480 /* select_yellow_coin_01.png */,
				522002C219C89F0300B44480 /* select_yellow_coin_05.png */,
				522002C319C89F0300B44480 /* select_yellow_coin_10.png */,
				522002C419C89F0300B44480 /* select_yellow_coin_50.png */,
				522002C519C89F0300B44480 /* yellow_coin_01.png */,
				522002C619C89F0300B44480 /* yellow_coin_05.png */,
				522002C719C89F0300B44480 /* yellow_coin_10.png */,
				522002C819C89F0300B44480 /* yellow_coin_50.png */,
			);
			path = yellow;
			sourceTree = "<group>";
		};
		5286E1A219C92D38001668E2 /* borad */ = {
			isa = PBXGroup;
			children = (
				5286E1A419C92D38001668E2 /* borad_02.png */,
				5286E23D19C9EEC8001668E2 /* borad_1.png */,
				5286E23E19C9EEC8001668E2 /* borad_2.png */,
				5286E23F19C9EEC8001668E2 /* borad_3.png */,
				5286E24019C9EEC8001668E2 /* borad_4.png */,
				5286E24119C9EEC8001668E2 /* borad_5.png */,
				5286E24219C9EEC8001668E2 /* borad_6.png */,
				5286E1AB19C92D38001668E2 /* select_borad_02.png */,
				5286E24319C9EEC8001668E2 /* select_borad_1.png */,
				5286E24419C9EEC8001668E2 /* select_borad_2.png */,
				5286E24519C9EEC8001668E2 /* select_borad_3.png */,
				5286E24619C9EEC8001668E2 /* select_borad_4.png */,
				5286E24719C9EEC8001668E2 /* select_borad_5.png */,
				5286E24819C9EEC8001668E2 /* select_borad_6.png */,
			);
			path = borad;
			sourceTree = "<group>";
		};
		5286E1BF19C930C7001668E2 /* cup */ = {
			isa = PBXGroup;
			children = (
				5286E1C019C930C7001668E2 /* cup_01.png */,
				5286E1C119C930C7001668E2 /* cup_02.png */,
				5286E1C219C930C7001668E2 /* cup_03.png */,
			);
			path = cup;
			sourceTree = "<group>";
		};
		52A1E82619CF2FFD002563C1 /* Audio */ = {
			isa = PBXGroup;
			children = (
				52DAACBD19D048D9006B9060 /* DiceSoundEffect.mp3 */,
				52A1E82719CF3008002563C1 /* gamesound.mp3 */,
			);
			path = Audio;
			sourceTree = "<group>";
		};
		52C9FE3E19D2B81700B4C792 /* iPhone4 */ = {
			isa = PBXGroup;
			children = (
				52C9FE3F19D2B81700B4C792 /* splashiP4.png */,
				52C9FE4019D2B81700B4C792 /* loadingiP4.png */,
				52C9FE4119D2B81700B4C792 /* setting_unmuteiP4.png */,
				52C9FE4219D2B81700B4C792 /* setting_muteiP4.png */,
				52C9FE4319D2B81700B4C792 /* shareiP4.png */,
				52C9FE4419D2B81700B4C792 /* loading1iP4.png */,
			);
			path = iPhone4;
			sourceTree = "<group>";
		};
		52DAACC719D04FA8006B9060 /* showdice */ = {
			isa = PBXGroup;
			children = (
				52DAACCD19D04FA8006B9060 /* show_dice_1.png */,
				52DAACCB19D04FA8006B9060 /* show_dice_2.png */,
				52DAACC919D04FA8006B9060 /* show_dice_3.png */,
				52DAACCA19D04FA8006B9060 /* show_dice_4.png */,
				52DAACCC19D04FA8006B9060 /* show_dice_5.png */,
				52DAACC819D04FA8006B9060 /* show_dice_6.png */,
			);
			path = showdice;
			sourceTree = "<group>";
		};
		52DAACDE19D08388006B9060 /* Video */ = {
			isa = PBXGroup;
			children = (
				520B980A19D182D10049DB07 /* Zoomin.mov */,
				5211A2E619D18F07009CD3A5 /* Zoomout.mov */,
			);
			path = Video;
			sourceTree = "<group>";
		};
/* End PBXGroup section */

/* Begin PBXNativeTarget section */
		369ABEF619C69BB1009F564F /* Real Fish Prawn Crab */ = {
			isa = PBXNativeTarget;
			buildConfigurationList = 369ABF2319C69BB2009F564F /* Build configuration list for PBXNativeTarget "Real Fish Prawn Crab" */;
			buildPhases = (
				369ABEF319C69BB1009F564F /* Sources */,
				369ABEF419C69BB1009F564F /* Frameworks */,
				369ABEF519C69BB1009F564F /* Resources */,
			);
			buildRules = (
			);
			dependencies = (
			);
			name = "Real Fish Prawn Crab";
			productName = "Real Fish Prawn Crab";
			productReference = 369ABEF719C69BB1009F564F /* Real Fish Prawn Crab.app */;
			productType = "com.apple.product-type.application";
		};
		369ABF1119C69BB2009F564F /* Real Fish Prawn CrabTests */ = {
			isa = PBXNativeTarget;
			buildConfigurationList = 369ABF2619C69BB2009F564F /* Build configuration list for PBXNativeTarget "Real Fish Prawn CrabTests" */;
			buildPhases = (
				369ABF0E19C69BB2009F564F /* Sources */,
				369ABF0F19C69BB2009F564F /* Frameworks */,
				369ABF1019C69BB2009F564F /* Resources */,
			);
			buildRules = (
			);
			dependencies = (
				369ABF1819C69BB2009F564F /* PBXTargetDependency */,
			);
			name = "Real Fish Prawn CrabTests";
			productName = "Real Fish Prawn CrabTests";
			productReference = 369ABF1219C69BB2009F564F /* Real Fish Prawn CrabTests.xctest */;
			productType = "com.apple.product-type.bundle.unit-test";
		};
/* End PBXNativeTarget section */

/* Begin PBXProject section */
		369ABEEF19C69BB1009F564F /* Project object */ = {
			isa = PBXProject;
			attributes = {
				CLASSPREFIX = PF;
				LastUpgradeCheck = 0510;
				ORGANIZATIONNAME = "platwo fusion";
				TargetAttributes = {
					369ABF1119C69BB2009F564F = {
						TestTargetID = 369ABEF619C69BB1009F564F;
					};
				};
			};
			buildConfigurationList = 369ABEF219C69BB1009F564F /* Build configuration list for PBXProject "Real Fish Prawn Crab" */;
			compatibilityVersion = "Xcode 3.2";
			developmentRegion = English;
			hasScannedForEncodings = 0;
			knownRegions = (
				en,
			);
			mainGroup = 369ABEEE19C69BB1009F564F;
			productRefGroup = 369ABEF819C69BB1009F564F /* Products */;
			projectDirPath = "";
			projectRoot = "";
			targets = (
				369ABEF619C69BB1009F564F /* Real Fish Prawn Crab */,
				369ABF1119C69BB2009F564F /* Real Fish Prawn CrabTests */,
			);
		};
/* End PBXProject section */

/* Begin PBXResourcesBuildPhase section */
		369ABEF519C69BB1009F564F /* Resources */ = {
			isa = PBXResourcesBuildPhase;
			buildActionMask = 2147483647;
			files = (
				52DAACD019D04FA8006B9060 /* show_dice_4.png in Resources */,
				522002DE19C89F0300B44480 /* select_red_coin_01.png in Resources */,
				52C9FE4619D2B81700B4C792 /* loadingiP4.png in Resources */,
				5286E25419C9EEC8001668E2 /* select_borad_6.png in Resources */,
				520B966719D14F030049DB07 /* playerData4.png in Resources */,
				5286E25019C9EEC8001668E2 /* select_borad_2.png in Resources */,
				520B966919D14F030049DB07 /* Setting_icon@2x.png in Resources */,
				522002DB19C89F0300B44480 /* red_coin_05.png in Resources */,
				52DAACBE19D048D9006B9060 /* DiceSoundEffect.mp3 in Resources */,
				522002D319C89F0300B44480 /* green_coin_05.png in Resources */,
				521B08B919D0B19800E279AF /* circle_03.png in Resources */,
				52DAACCF19D04FA8006B9060 /* show_dice_3.png in Resources */,
				5286E24A19C9EEC8001668E2 /* borad_2.png in Resources */,
				369ABF0519C69BB1009F564F /* InfoPlist.strings in Resources */,
				522002D419C89F0300B44480 /* green_coin_10.png in Resources */,
				5286E23A19C9E392001668E2 /* dice_4.png in Resources */,
				522002D619C89F0300B44480 /* select_green_coin_01.png in Resources */,
				522002E419C89F0300B44480 /* select_yellow_coin_10.png in Resources */,
				5286E24C19C9EEC8001668E2 /* borad_4.png in Resources */,
				5286E1B219C92D38001668E2 /* borad_02.png in Resources */,
				5286E23719C9E391001668E2 /* dice_1.png in Resources */,
				5286E1C319C930C7001668E2 /* cup_01.png in Resources */,
				5211A2EB19D1BED2009CD3A5 /* setting_mute@2x.png in Resources */,
				52DAACC619D0499C006B9060 /* splash@2x.png in Resources */,
				5286E23B19C9E392001668E2 /* dice_5.png in Resources */,
				5286E25219C9EEC8001668E2 /* select_borad_4.png in Resources */,
				522002E519C89F0300B44480 /* select_yellow_coin_50.png in Resources */,
				369ABF0D19C69BB2009F564F /* Images.xcassets in Resources */,
				5220029519C8797000B44480 /* PFMainViewController_Wide.xib in Resources */,
				5286E22E19C9CCF2001668E2 /* bg_shake.png in Resources */,
				5211A2E719D18F07009CD3A5 /* Zoomout.mov in Resources */,
				52C9FE4519D2B81700B4C792 /* splashiP4.png in Resources */,
				522002CA19C89F0300B44480 /* blue_coin_05.png in Resources */,
				522002CE19C89F0300B44480 /* select_blue_coin_05.png in Resources */,
				5286E25319C9EEC8001668E2 /* select_borad_5.png in Resources */,
				522002D019C89F0300B44480 /* select_blue_coin_50.png in Resources */,
				5286E24F19C9EEC8001668E2 /* select_borad_1.png in Resources */,
				521B08BB19D0B19800E279AF /* circle_05.png in Resources */,
				522002D519C89F0300B44480 /* green_coin_50.png in Resources */,
				5286E24B19C9EEC8001668E2 /* borad_3.png in Resources */,
				521B08B719D0B19800E279AF /* circle_01.png in Resources */,
				522002DF19C89F0300B44480 /* select_red_coin_05.png in Resources */,
				522002CD19C89F0300B44480 /* select_blue_coin_01.png in Resources */,
				52DAACC319D0499C006B9060 /* loading@2x.png in Resources */,
				520B966419D14F030049DB07 /* playerData1.png in Resources */,
				520B966A19D14F030049DB07 /* Share_icon@2x.png in Resources */,
				5286E23019C9DD74001668E2 /* bg-dish.png in Resources */,
				52DAACC519D0499C006B9060 /* share@2x.png in Resources */,
				522002CF19C89F0300B44480 /* select_blue_coin_10.png in Resources */,
				522002CB19C89F0300B44480 /* blue_coin_10.png in Resources */,
				521B08B819D0B19800E279AF /* circle_02.png in Resources */,
				522002E319C89F0300B44480 /* select_yellow_coin_05.png in Resources */,
				52C9FE4719D2B81700B4C792 /* setting_unmuteiP4.png in Resources */,
				522002E819C89F0300B44480 /* yellow_coin_10.png in Resources */,
				520B966619D14F030049DB07 /* playerData3.png in Resources */,
				5286E1C519C930C7001668E2 /* cup_03.png in Resources */,
				522002DA19C89F0300B44480 /* red_coin_01.png in Resources */,
				522002DC19C89F0300B44480 /* red_coin_10.png in Resources */,
				5286E24D19C9EEC8001668E2 /* borad_5.png in Resources */,
				522002E619C89F0300B44480 /* yellow_coin_01.png in Resources */,
				52C9FE4A19D2B81700B4C792 /* loading1iP4.png in Resources */,
				5286E24E19C9EEC8001668E2 /* borad_6.png in Resources */,
				52C9FE3D19D2B47C00B4C792 /* PFMainViewController.xib in Resources */,
				5286E23C19C9E392001668E2 /* dice_6.png in Resources */,
				52DAACCE19D04FA8006B9060 /* show_dice_6.png in Resources */,
				520B966519D14F030049DB07 /* playerData2.png in Resources */,
				5218130819C9263B005A7D71 /* bg_board.png in Resources */,
				52C9FE4819D2B81700B4C792 /* setting_muteiP4.png in Resources */,
				522002E219C89F0300B44480 /* select_yellow_coin_01.png in Resources */,
				522002CC19C89F0300B44480 /* blue_coin_50.png in Resources */,
				52DAACD119D04FA8006B9060 /* show_dice_2.png in Resources */,
				5286E24919C9EEC8001668E2 /* borad_1.png in Resources */,
				522002D819C89F0300B44480 /* select_green_coin_10.png in Resources */,
				522002E719C89F0300B44480 /* yellow_coin_05.png in Resources */,
				5211A2E919D1BE9F009CD3A5 /* setting_unmute@2x.png in Resources */,
				52A1E82819CF3008002563C1 /* gamesound.mp3 in Resources */,
				522002E019C89F0300B44480 /* select_red_coin_10.png in Resources */,
				52C9FE4919D2B81700B4C792 /* shareiP4.png in Resources */,
				52DAACD319D04FA8006B9060 /* show_dice_1.png in Resources */,
				52DAACD219D04FA8006B9060 /* show_dice_5.png in Resources */,
				5286E23819C9E391001668E2 /* dice_2.png in Resources */,
				522002E119C89F0300B44480 /* select_red_coin_50.png in Resources */,
				522002C919C89F0300B44480 /* blue_coin_01.png in Resources */,
				5286E1B919C92D38001668E2 /* select_borad_02.png in Resources */,
				52DAACD519D05936006B9060 /* loading1@2x.png in Resources */,
				522002DD19C89F0300B44480 /* red_coin_50.png in Resources */,
				522002D119C89F0300B44480 /* bt_cancel.png in Resources */,
				522002D919C89F0300B44480 /* select_green_coin_50.png in Resources */,
				521B08BA19D0B19800E279AF /* circle_04.png in Resources */,
				522002E919C89F0300B44480 /* yellow_coin_50.png in Resources */,
				5286E1C419C930C7001668E2 /* cup_02.png in Resources */,
				5286E23919C9E392001668E2 /* dice_3.png in Resources */,
				520B980B19D182D10049DB07 /* Zoomin.mov in Resources */,
				520B966819D14F030049DB07 /* playerDataAll.png in Resources */,
				5286E25119C9EEC8001668E2 /* select_borad_3.png in Resources */,
				522002D219C89F0300B44480 /* green_coin_01.png in Resources */,
				522002D719C89F0300B44480 /* select_green_coin_05.png in Resources */,
			);
			runOnlyForDeploymentPostprocessing = 0;
		};
		369ABF1019C69BB2009F564F /* Resources */ = {
			isa = PBXResourcesBuildPhase;
			buildActionMask = 2147483647;
			files = (
				369ABF1E19C69BB2009F564F /* InfoPlist.strings in Resources */,
			);
			runOnlyForDeploymentPostprocessing = 0;
		};
/* End PBXResourcesBuildPhase section */

/* Begin PBXSourcesBuildPhase section */
		369ABEF319C69BB1009F564F /* Sources */ = {
			isa = PBXSourcesBuildPhase;
			buildActionMask = 2147483647;
			files = (
				5220029419C8797000B44480 /* PFMainViewController.m in Sources */,
				369ABF0B19C69BB1009F564F /* PFAppDelegate.m in Sources */,
				369ABF0719C69BB1009F564F /* main.m in Sources */,
			);
			runOnlyForDeploymentPostprocessing = 0;
		};
		369ABF0E19C69BB2009F564F /* Sources */ = {
			isa = PBXSourcesBuildPhase;
			buildActionMask = 2147483647;
			files = (
				369ABF2019C69BB2009F564F /* Real_Fish_Prawn_CrabTests.m in Sources */,
			);
			runOnlyForDeploymentPostprocessing = 0;
		};
/* End PBXSourcesBuildPhase section */

/* Begin PBXTargetDependency section */
		369ABF1819C69BB2009F564F /* PBXTargetDependency */ = {
			isa = PBXTargetDependency;
			target = 369ABEF619C69BB1009F564F /* Real Fish Prawn Crab */;
			targetProxy = 369ABF1719C69BB2009F564F /* PBXContainerItemProxy */;
		};
/* End PBXTargetDependency section */

/* Begin PBXVariantGroup section */
		369ABF0319C69BB1009F564F /* InfoPlist.strings */ = {
			isa = PBXVariantGroup;
			children = (
				369ABF0419C69BB1009F564F /* en */,
			);
			name = InfoPlist.strings;
			sourceTree = "<group>";
		};
		369ABF1C19C69BB2009F564F /* InfoPlist.strings */ = {
			isa = PBXVariantGroup;
			children = (
				369ABF1D19C69BB2009F564F /* en */,
			);
			name = InfoPlist.strings;
			sourceTree = "<group>";
		};
/* End PBXVariantGroup section */

/* Begin XCBuildConfiguration section */
		369ABF2119C69BB2009F564F /* Debug */ = {
			isa = XCBuildConfiguration;
			buildSettings = {
				ALWAYS_SEARCH_USER_PATHS = NO;
				CLANG_CXX_LANGUAGE_STANDARD = "gnu++0x";
				CLANG_CXX_LIBRARY = "libc++";
				CLANG_ENABLE_MODULES = YES;
				CLANG_ENABLE_OBJC_ARC = YES;
				CLANG_WARN_BOOL_CONVERSION = YES;
				CLANG_WARN_CONSTANT_CONVERSION = YES;
				CLANG_WARN_DIRECT_OBJC_ISA_USAGE = YES_ERROR;
				CLANG_WARN_EMPTY_BODY = YES;
				CLANG_WARN_ENUM_CONVERSION = YES;
				CLANG_WARN_INT_CONVERSION = YES;
				CLANG_WARN_OBJC_ROOT_CLASS = YES_ERROR;
				CLANG_WARN__DUPLICATE_METHOD_MATCH = YES;
				CODE_SIGN_IDENTITY = "iPhone Developer: Phee Puthaprasert (Q8MZLL79Y4)";
				"CODE_SIGN_IDENTITY[sdk=iphoneos*]" = "iPhone Developer: Phee Puthaprasert (Q8MZLL79Y4)";
				COPY_PHASE_STRIP = NO;
				GCC_C_LANGUAGE_STANDARD = gnu99;
				GCC_DYNAMIC_NO_PIC = NO;
				GCC_OPTIMIZATION_LEVEL = 0;
				GCC_PREPROCESSOR_DEFINITIONS = (
					"DEBUG=1",
					"$(inherited)",
				);
				GCC_SYMBOLS_PRIVATE_EXTERN = NO;
				GCC_WARN_64_TO_32_BIT_CONVERSION = YES;
				GCC_WARN_ABOUT_RETURN_TYPE = YES_ERROR;
				GCC_WARN_UNDECLARED_SELECTOR = YES;
				GCC_WARN_UNINITIALIZED_AUTOS = YES_AGGRESSIVE;
				GCC_WARN_UNUSED_FUNCTION = YES;
				GCC_WARN_UNUSED_VARIABLE = YES;
				IPHONEOS_DEPLOYMENT_TARGET = 7.1;
				ONLY_ACTIVE_ARCH = YES;
				PROVISIONING_PROFILE = "2895e7a0-24d5-4ae2-a296-11b55e9639c4";
				SDKROOT = iphoneos;
				TARGETED_DEVICE_FAMILY = "1,2";
			};
			name = Debug;
		};
		369ABF2219C69BB2009F564F /* Release */ = {
			isa = XCBuildConfiguration;
			buildSettings = {
				ALWAYS_SEARCH_USER_PATHS = NO;
				CLANG_CXX_LANGUAGE_STANDARD = "gnu++0x";
				CLANG_CXX_LIBRARY = "libc++";
				CLANG_ENABLE_MODULES = YES;
				CLANG_ENABLE_OBJC_ARC = YES;
				CLANG_WARN_BOOL_CONVERSION = YES;
				CLANG_WARN_CONSTANT_CONVERSION = YES;
				CLANG_WARN_DIRECT_OBJC_ISA_USAGE = YES_ERROR;
				CLANG_WARN_EMPTY_BODY = YES;
				CLANG_WARN_ENUM_CONVERSION = YES;
				CLANG_WARN_INT_CONVERSION = YES;
				CLANG_WARN_OBJC_ROOT_CLASS = YES_ERROR;
				CLANG_WARN__DUPLICATE_METHOD_MATCH = YES;
				CODE_SIGN_IDENTITY = "iPhone Developer: Phee Puthaprasert (Q8MZLL79Y4)";
				"CODE_SIGN_IDENTITY[sdk=iphoneos*]" = "iPhone Developer: Phee Puthaprasert (Q8MZLL79Y4)";
				COPY_PHASE_STRIP = YES;
				ENABLE_NS_ASSERTIONS = NO;
				GCC_C_LANGUAGE_STANDARD = gnu99;
				GCC_WARN_64_TO_32_BIT_CONVERSION = YES;
				GCC_WARN_ABOUT_RETURN_TYPE = YES_ERROR;
				GCC_WARN_UNDECLARED_SELECTOR = YES;
				GCC_WARN_UNINITIALIZED_AUTOS = YES_AGGRESSIVE;
				GCC_WARN_UNUSED_FUNCTION = YES;
				GCC_WARN_UNUSED_VARIABLE = YES;
				IPHONEOS_DEPLOYMENT_TARGET = 7.1;
				PROVISIONING_PROFILE = "2895e7a0-24d5-4ae2-a296-11b55e9639c4";
				SDKROOT = iphoneos;
				TARGETED_DEVICE_FAMILY = "1,2";
				VALIDATE_PRODUCT = YES;
			};
			name = Release;
		};
		369ABF2419C69BB2009F564F /* Debug */ = {
			isa = XCBuildConfiguration;
			buildSettings = {
				ASSETCATALOG_COMPILER_APPICON_NAME = AppIcon;
				ASSETCATALOG_COMPILER_LAUNCHIMAGE_NAME = LaunchImage;
				CODE_SIGN_IDENTITY = "iPhone Developer: Phee Puthaprasert (Q8MZLL79Y4)";
				"CODE_SIGN_IDENTITY[sdk=iphoneos*]" = "iPhone Developer: Phee Puthaprasert (Q8MZLL79Y4)";
				GCC_PRECOMPILE_PREFIX_HEADER = YES;
				GCC_PREFIX_HEADER = "Real Fish Prawn Crab/Real Fish Prawn Crab-Prefix.pch";
				INFOPLIST_FILE = "Real Fish Prawn Crab/Real Fish Prawn Crab-Info.plist";
				IPHONEOS_DEPLOYMENT_TARGET = 7.1;
				PRODUCT_NAME = "$(TARGET_NAME)";
				PROVISIONING_PROFILE = "2895e7a0-24d5-4ae2-a296-11b55e9639c4";
				TARGETED_DEVICE_FAMILY = 1;
				WRAPPER_EXTENSION = app;
			};
			name = Debug;
		};
		369ABF2519C69BB2009F564F /* Release */ = {
			isa = XCBuildConfiguration;
			buildSettings = {
				ASSETCATALOG_COMPILER_APPICON_NAME = AppIcon;
				ASSETCATALOG_COMPILER_LAUNCHIMAGE_NAME = LaunchImage;
				CODE_SIGN_IDENTITY = "iPhone Developer: Phee Puthaprasert (Q8MZLL79Y4)";
				"CODE_SIGN_IDENTITY[sdk=iphoneos*]" = "iPhone Developer: Phee Puthaprasert (Q8MZLL79Y4)";
				GCC_PRECOMPILE_PREFIX_HEADER = YES;
				GCC_PREFIX_HEADER = "Real Fish Prawn Crab/Real Fish Prawn Crab-Prefix.pch";
				INFOPLIST_FILE = "Real Fish Prawn Crab/Real Fish Prawn Crab-Info.plist";
				IPHONEOS_DEPLOYMENT_TARGET = 7.1;
				PRODUCT_NAME = "$(TARGET_NAME)";
				PROVISIONING_PROFILE = "2895e7a0-24d5-4ae2-a296-11b55e9639c4";
				TARGETED_DEVICE_FAMILY = 1;
				WRAPPER_EXTENSION = app;
			};
			name = Release;
		};
		369ABF2719C69BB2009F564F /* Debug */ = {
			isa = XCBuildConfiguration;
			buildSettings = {
				BUNDLE_LOADER = "$(BUILT_PRODUCTS_DIR)/Real Fish Prawn Crab.app/Real Fish Prawn Crab";
				FRAMEWORK_SEARCH_PATHS = (
					"$(SDKROOT)/Developer/Library/Frameworks",
					"$(inherited)",
					"$(DEVELOPER_FRAMEWORKS_DIR)",
				);
				GCC_PRECOMPILE_PREFIX_HEADER = YES;
				GCC_PREFIX_HEADER = "Real Fish Prawn Crab/Real Fish Prawn Crab-Prefix.pch";
				GCC_PREPROCESSOR_DEFINITIONS = (
					"DEBUG=1",
					"$(inherited)",
				);
				INFOPLIST_FILE = "Real Fish Prawn CrabTests/Real Fish Prawn CrabTests-Info.plist";
				PRODUCT_NAME = "$(TARGET_NAME)";
				TEST_HOST = "$(BUNDLE_LOADER)";
				WRAPPER_EXTENSION = xctest;
			};
			name = Debug;
		};
		369ABF2819C69BB2009F564F /* Release */ = {
			isa = XCBuildConfiguration;
			buildSettings = {
				BUNDLE_LOADER = "$(BUILT_PRODUCTS_DIR)/Real Fish Prawn Crab.app/Real Fish Prawn Crab";
				FRAMEWORK_SEARCH_PATHS = (
					"$(SDKROOT)/Developer/Library/Frameworks",
					"$(inherited)",
					"$(DEVELOPER_FRAMEWORKS_DIR)",
				);
				GCC_PRECOMPILE_PREFIX_HEADER = YES;
				GCC_PREFIX_HEADER = "Real Fish Prawn Crab/Real Fish Prawn Crab-Prefix.pch";
				INFOPLIST_FILE = "Real Fish Prawn CrabTests/Real Fish Prawn CrabTests-Info.plist";
				PRODUCT_NAME = "$(TARGET_NAME)";
				TEST_HOST = "$(BUNDLE_LOADER)";
				WRAPPER_EXTENSION = xctest;
			};
			name = Release;
		};
/* End XCBuildConfiguration section */

/* Begin XCConfigurationList section */
		369ABEF219C69BB1009F564F /* Build configuration list for PBXProject "Real Fish Prawn Crab" */ = {
			isa = XCConfigurationList;
			buildConfigurations = (
				369ABF2119C69BB2009F564F /* Debug */,
				369ABF2219C69BB2009F564F /* Release */,
			);
			defaultConfigurationIsVisible = 0;
			defaultConfigurationName = Release;
		};
		369ABF2319C69BB2009F564F /* Build configuration list for PBXNativeTarget "Real Fish Prawn Crab" */ = {
			isa = XCConfigurationList;
			buildConfigurations = (
				369ABF2419C69BB2009F564F /* Debug */,
				369ABF2519C69BB2009F564F /* Release */,
			);
			defaultConfigurationIsVisible = 0;
			defaultConfigurationName = Release;
		};
		369ABF2619C69BB2009F564F /* Build configuration list for PBXNativeTarget "Real Fish Prawn CrabTests" */ = {
			isa = XCConfigurationList;
			buildConfigurations = (
				369ABF2719C69BB2009F564F /* Debug */,
				369ABF2819C69BB2009F564F /* Release */,
			);
			defaultConfigurationIsVisible = 0;
			defaultConfigurationName = Release;
		};
/* End XCConfigurationList section */
	};
	rootObject = 369ABEEF19C69BB1009F564F /* Project object */;
}
